
Microsoft Visual Studio Solution File, Format Version 12.00
# Visual Studio Version 16
VisualStudioVersion = 25.0.1706.8
MinimumVisualStudioVersion = 10.0.40219.1
Project("{FAE04EC0-301F-11D3-BF4B-00C04F79EFBC}") = "EcoWatch", "EcoWatch.csproj", "{17328BBE-D4C2-482D-990E-5A378759FAC5}"
EndProject
Global
	GlobalSection(SolutionConfigurationPlatforms) = preSolution
		Debug|Any CPU = Debug|Any CPU
		Release|Any CPU = Release|Any CPU
	EndGlobalSection
	GlobalSection(ProjectConfigurationPlatforms) = postSolution
		{17328BBE-D4C2-482D-990E-5A378759FAC5}.Debug|Any CPU.ActiveCfg = Debug|Any CPU
		{17328BBE-D4C2-482D-990E-5A378759FAC5}.Debug|Any CPU.Build.0 = Debug|Any CPU
		{17328BBE-D4C2-482D-990E-5A378759FAC5}.Release|Any CPU.ActiveCfg = Release|Any CPU
		{17328BBE-D4C2-482D-990E-5A378759FAC5}.Release|Any CPU.Build.0 = Release|Any CPU
	EndGlobalSection
	GlobalSection(SolutionProperties) = preSolution
		HideSolutionNode = FALSE
	EndGlobalSection
	GlobalSection(ExtensibilityGlobals) = postSolution
		SolutionGuid = {F46D30A7-F63D-4A5B-B158-E8C3772BC6D9}
	EndGlobalSection
EndGlobal
